
Microsoft Visual Studio Solution File, Format Version 12.00
# Visual Studio Version 17
VisualStudioVersion = 17.2.32516.85
MinimumVisualStudioVersion = 10.0.40219.1
Project("{9A19103F-16F7-4668-BE54-9A1E7A4F7556}") = "Roomex.Distance.Calculator", "Roomex.Distance.Calculator\Roomex.Distance.Calculator.csproj", "{22CB4D2C-5F3F-4A13-84F7-F132A6EB90D8}"
EndProject
Project("{FAE04EC0-301F-11D3-BF4B-00C04F79EFBC}") = "Roomex.Distance.Calculator.Tests", "Roomex.Distance.Calculator.Tests\Roomex.Distance.Calculator.Tests.csproj", "{328BA9E0-7173-44A6-9ED5-6500128B27BC}"
EndProject
Global
	GlobalSection(SolutionConfigurationPlatforms) = preSolution
		Debug|Any CPU = Debug|Any CPU
		Release|Any CPU = Release|Any CPU
	EndGlobalSection
	GlobalSection(ProjectConfigurationPlatforms) = postSolution
		{22CB4D2C-5F3F-4A13-84F7-F132A6EB90D8}.Debug|Any CPU.ActiveCfg = Debug|Any CPU
		{22CB4D2C-5F3F-4A13-84F7-F132A6EB90D8}.Debug|Any CPU.Build.0 = Debug|Any CPU
		{22CB4D2C-5F3F-4A13-84F7-F132A6EB90D8}.Release|Any CPU.ActiveCfg = Release|Any CPU
		{22CB4D2C-5F3F-4A13-84F7-F132A6EB90D8}.Release|Any CPU.Build.0 = Release|Any CPU
		{328BA9E0-7173-44A6-9ED5-6500128B27BC}.Debug|Any CPU.ActiveCfg = Debug|Any CPU
		{328BA9E0-7173-44A6-9ED5-6500128B27BC}.Debug|Any CPU.Build.0 = Debug|Any CPU
		{328BA9E0-7173-44A6-9ED5-6500128B27BC}.Release|Any CPU.ActiveCfg = Release|Any CPU
		{328BA9E0-7173-44A6-9ED5-6500128B27BC}.Release|Any CPU.Build.0 = Release|Any CPU
	EndGlobalSection
	GlobalSection(SolutionProperties) = preSolution
		HideSolutionNode = FALSE
	EndGlobalSection
	GlobalSection(ExtensibilityGlobals) = postSolution
		SolutionGuid = {F32E08DF-DFB3-49CD-B44A-CAB49BF7552E}
	EndGlobalSection
EndGlobal
